{
  "version": 4,
  "terraform_version": "0.12.12",
  "serial": 31,
  "lineage": "20992eba-7a31-6926-d309-4f4fdc403393",
  "outputs": {
    "service_url": {
      "value": "develop.abc.cmcloudlab703.info",
      "type": "string"
    }
  },
  "resources": [
    {
      "module": "module.ecs-service",
      "mode": "data",
      "type": "aws_caller_identity",
      "name": "current",
      "provider": "provider.aws",
      "instances": [
        {
          "schema_version": 0,
          "attributes": {
            "account_id": "216952475463",
            "arn": "arn:aws:iam::216952475463:user/cloud_user",
            "id": "216952475463",
            "user_id": "AIDATFA3AB5DQUPS63FUG"
          }
        }
      ]
    },
    {
      "mode": "data",
      "type": "aws_caller_identity",
      "name": "current",
      "provider": "provider.aws",
      "instances": [
        {
          "schema_version": 0,
          "attributes": {
            "account_id": "216952475463",
            "arn": "arn:aws:iam::216952475463:user/cloud_user",
            "id": "216952475463",
            "user_id": "AIDATFA3AB5DQUPS63FUG"
          }
        }
      ]
    },
    {
      "module": "module.ecs-service",
      "mode": "data",
      "type": "aws_ecr_repository",
      "name": "service",
      "provider": "provider.aws",
      "instances": [
        {
          "schema_version": 0,
          "attributes": {
            "arn": "arn:aws:ecr:us-east-1:216952475463:repository/nashwan",
            "encryption_configuration": [
              {
                "encryption_type": "AES256",
                "kms_key": ""
              }
            ],
            "id": "nashwan",
            "image_scanning_configuration": [
              {
                "scan_on_push": false
              }
            ],
            "image_tag_mutability": "MUTABLE",
            "name": "nashwan",
            "registry_id": "216952475463",
            "repository_url": "216952475463.dkr.ecr.us-east-1.amazonaws.com/nashwan",
            "tags": {}
          }
        }
      ]
    },
    {
      "module": "module.ecs-service",
      "mode": "data",
      "type": "aws_iam_policy_document",
      "name": "assume_role_policy",
      "provider": "provider.aws",
      "instances": [
        {
          "schema_version": 0,
          "attributes": {
            "id": "320642683",
            "json": "{\n  \"Version\": \"2012-10-17\",\n  \"Statement\": [\n    {\n      \"Sid\": \"\",\n      \"Effect\": \"Allow\",\n      \"Action\": \"sts:AssumeRole\",\n      \"Principal\": {\n        \"Service\": \"ecs-tasks.amazonaws.com\"\n      }\n    }\n  ]\n}",
            "override_json": null,
            "policy_id": null,
            "source_json": null,
            "statement": [
              {
                "actions": [
                  "sts:AssumeRole"
                ],
                "condition": [],
                "effect": "Allow",
                "not_actions": [],
                "not_principals": [],
                "not_resources": [],
                "principals": [
                  {
                    "identifiers": [
                      "ecs-tasks.amazonaws.com"
                    ],
                    "type": "Service"
                  }
                ],
                "resources": [],
                "sid": ""
              }
            ],
            "version": "2012-10-17"
          }
        }
      ]
    },
    {
      "module": "module.ecs-service",
      "mode": "data",
      "type": "aws_region",
      "name": "current",
      "provider": "provider.aws",
      "instances": [
        {
          "schema_version": 0,
          "attributes": {
            "description": "US East (N. Virginia)",
            "endpoint": "ec2.us-east-1.amazonaws.com",
            "id": "us-east-1",
            "name": "us-east-1"
          }
        }
      ]
    },
    {
      "module": "module.ecs-service",
      "mode": "data",
      "type": "aws_route53_zone",
      "name": "hosted_zone",
      "provider": "provider.aws",
      "instances": [
        {
          "schema_version": 0,
          "attributes": {
            "caller_reference": "terraform-20201115180203172000000002",
            "comment": "Managed by Terraform",
            "id": "Z0894839181W664CHNSDY",
            "linked_service_description": null,
            "linked_service_principal": null,
            "name": "cmcloudlab703.info",
            "name_servers": [
              "ns-1230.awsdns-25.org",
              "ns-770.awsdns-32.net",
              "ns-432.awsdns-54.com",
              "ns-1879.awsdns-42.co.uk"
            ],
            "private_zone": false,
            "resource_record_set_count": 3,
            "tags": {},
            "vpc_id": null,
            "zone_id": "Z0894839181W664CHNSDY"
          }
        }
      ]
    },
    {
      "module": "module.ecs-service",
      "mode": "data",
      "type": "aws_security_group",
      "name": "vpc_default_sg",
      "provider": "provider.aws",
      "instances": [
        {
          "schema_version": 0,
          "attributes": {
            "arn": "arn:aws:ec2:us-east-1:216952475463:security-group/sg-0b7e6acd9e92515ec",
            "description": "default VPC security group",
            "filter": null,
            "id": "sg-0b7e6acd9e92515ec",
            "name": "default",
            "tags": {},
            "vpc_id": "vpc-0162c70d4ac3770ae"
          },
          "depends_on": [
            "data.aws_vpc.vpc"
          ]
        }
      ]
    },
    {
      "module": "module.ecs-service",
      "mode": "data",
      "type": "aws_subnet_ids",
      "name": "subnet_ids",
      "provider": "provider.aws",
      "instances": [
        {
          "schema_version": 0,
          "attributes": {
            "filter": null,
            "id": "vpc-0162c70d4ac3770ae",
            "ids": [
              "subnet-00be7319ee440c845",
              "subnet-04dd8af4d571b90df",
              "subnet-0a53cc0ac395c2345",
              "subnet-0b000fe53b333488f",
              "subnet-0b9017e70fd5f8d90",
              "subnet-0eb86f001ea587835"
            ],
            "tags": null,
            "vpc_id": "vpc-0162c70d4ac3770ae"
          },
          "depends_on": [
            "data.aws_vpc.vpc"
          ]
        }
      ]
    },
    {
      "module": "module.ecs-service",
      "mode": "data",
      "type": "aws_vpc",
      "name": "vpc",
      "provider": "provider.aws",
      "instances": [
        {
          "schema_version": 0,
          "attributes": {
            "arn": "arn:aws:ec2:us-east-1:216952475463:vpc/vpc-0162c70d4ac3770ae",
            "cidr_block": "172.31.0.0/16",
            "cidr_block_associations": [
              {
                "association_id": "vpc-cidr-assoc-01f26a57e3699df49",
                "cidr_block": "172.31.0.0/16",
                "state": "associated"
              }
            ],
            "default": true,
            "dhcp_options_id": "dopt-02682e64c1bc507a9",
            "enable_dns_hostnames": true,
            "enable_dns_support": true,
            "filter": [
              {
                "name": "tag:Name",
                "values": [
                  "*default*"
                ]
              }
            ],
            "id": "vpc-0162c70d4ac3770ae",
            "instance_tenancy": "default",
            "ipv6_association_id": null,
            "ipv6_cidr_block": null,
            "main_route_table_id": "rtb-0837363ba5c82483b",
            "owner_id": "216952475463",
            "state": "available",
            "tags": {
              "Name": "default"
            }
          }
        }
      ]
    },
    {
      "module": "module.ecs-service",
      "mode": "data",
      "type": "template_file",
      "name": "ecs_app",
      "provider": "provider.template",
      "instances": [
        {
          "schema_version": 0,
          "attributes": {
            "filename": null,
            "id": "e314d4c8ab27db68eff34e09238f79028ce1af99c557d02171a1434f3ea8c618",
            "rendered": "[\n  {\n    \"name\": \"abc\",\n    \"image\": \"216952475463.dkr.ecr.us-east-1.amazonaws.com/nashwan\",\n    \"cpu\": 128,\n    \"memory\": 256,\n    \"essential\": true,\n    \"portMappings\": [\n      {\n        \"containerPort\": 80,\n        \"hostPort\": 80 \n      }\n    ],\n    \"logConfiguration\": {\n      \"logDriver\": \"awslogs\",\n      \"options\": {\n        \"awslogs-region\": \"us-east-1\",\n        \"awslogs-stream-prefix\": \"abc-develop-service\",\n        \"awslogs-group\": \"xyz-abc-develop-awslog\"\n      }\n    }\n  }\n]",
            "template": "[\n  {\n    \"name\": \"${app_name}\",\n    \"image\": \"${ecr_url}\",\n    \"cpu\": 128,\n    \"memory\": 256,\n    \"essential\": true,\n    \"portMappings\": [\n      {\n        \"containerPort\": ${container_port},\n        \"hostPort\": ${container_port} \n      }\n    ],\n    \"logConfiguration\": {\n      \"logDriver\": \"awslogs\",\n      \"options\": {\n        \"awslogs-region\": \"us-east-1\",\n        \"awslogs-stream-prefix\": \"${app_name}-${environment}-service\",\n        \"awslogs-group\": \"${aws_log_group}\"\n      }\n    }\n  }\n]",
            "vars": {
              "app_name": "abc",
              "aws_log_group": "xyz-abc-develop-awslog",
              "container_port": "80",
              "ecr_url": "216952475463.dkr.ecr.us-east-1.amazonaws.com/nashwan",
              "environment": "develop"
            }
          },
          "depends_on": [
            "aws_cloudwatch_log_group.ecs_service_log",
            "data.aws_ecr_repository.service"
          ]
        }
      ]
    },
    {
      "module": "module.ecs-service",
      "mode": "managed",
      "type": "aws_cloudwatch_log_group",
      "name": "ecs_service_log",
      "provider": "provider.aws",
      "instances": [
        {
          "schema_version": 0,
          "attributes": {
            "arn": "arn:aws:logs:us-east-1:216952475463:log-group:xyz-abc-develop-awslog",
            "id": "xyz-abc-develop-awslog",
            "kms_key_id": "",
            "name": "xyz-abc-develop-awslog",
            "name_prefix": null,
            "retention_in_days": 0,
            "tags": {
              "ApplicationID": "APID001",
              "Component": "Cloudwatch Log group",
              "CostCentre": "CC001",
              "Environment": "develop",
              "Name": "xyz-abc-develop-ecs-cw-log",
              "ServiceName": "xyz"
            }
          },
          "private": "bnVsbA=="
        }
      ]
    },
    {
      "module": "module.ecs-service",
      "mode": "managed",
      "type": "aws_ecs_service",
      "name": "my_first_service",
      "provider": "provider.aws",
      "instances": [
        {
          "schema_version": 0,
          "attributes": {
            "capacity_provider_strategy": [],
            "cluster": "xyz-abc-develop-ecs-cluster",
            "deployment_controller": [
              {
                "type": "ECS"
              }
            ],
            "deployment_maximum_percent": 200,
            "deployment_minimum_healthy_percent": 100,
            "desired_count": 1,
            "enable_ecs_managed_tags": false,
            "force_new_deployment": null,
            "health_check_grace_period_seconds": 0,
            "iam_role": "aws-service-role",
            "id": "arn:aws:ecs:us-east-1:216952475463:service/xyz-abc-develop-ecs-cluster/xyz-abc-develop-service",
            "launch_type": "EC2",
            "load_balancer": [
              {
                "container_name": "abc",
                "container_port": 80,
                "elb_name": "",
                "target_group_arn": "arn:aws:elasticloadbalancing:us-east-1:216952475463:targetgroup/xyz-abc-develop-target-group/a317d77de1cb1779"
              }
            ],
            "name": "xyz-abc-develop-service",
            "network_configuration": [
              {
                "assign_public_ip": false,
                "security_groups": [
                  "sg-00fb20d388f2e0696"
                ],
                "subnets": [
                  "subnet-00be7319ee440c845",
                  "subnet-04dd8af4d571b90df",
                  "subnet-0a53cc0ac395c2345",
                  "subnet-0b000fe53b333488f",
                  "subnet-0b9017e70fd5f8d90",
                  "subnet-0eb86f001ea587835"
                ]
              }
            ],
            "ordered_placement_strategy": [],
            "placement_constraints": [],
            "platform_version": "",
            "propagate_tags": "NONE",
            "scheduling_strategy": "REPLICA",
            "service_registries": [],
            "tags": {},
            "task_definition": "arn:aws:ecs:us-east-1:216952475463:task-definition/xyz-abc-develop:1",
            "timeouts": null,
            "wait_for_steady_state": false
          },
          "private": "eyJlMmJmYjczMC1lY2FhLTExZTYtOGY4OC0zNDM2M2JjN2M0YzAiOnsiZGVsZXRlIjoxMjAwMDAwMDAwMDAwfX0=",
          "depends_on": [
            "aws_ecs_task_definition.my_first_task",
            "aws_lb_listener_rule.http_listener_rule",
            "aws_lb_target_group.target_group",
            "aws_security_group.ecs_service_sg",
            "data.aws_subnet_ids.subnet_ids"
          ]
        }
      ]
    },
    {
      "module": "module.ecs-service",
      "mode": "managed",
      "type": "aws_ecs_task_definition",
      "name": "my_first_task",
      "provider": "provider.aws",
      "instances": [
        {
          "schema_version": 1,
          "attributes": {
            "arn": "arn:aws:ecs:us-east-1:216952475463:task-definition/xyz-abc-develop:1",
            "container_definitions": "[{\"cpu\":128,\"environment\":[],\"essential\":true,\"image\":\"216952475463.dkr.ecr.us-east-1.amazonaws.com/nashwan\",\"logConfiguration\":{\"logDriver\":\"awslogs\",\"options\":{\"awslogs-group\":\"xyz-abc-develop-awslog\",\"awslogs-region\":\"us-east-1\",\"awslogs-stream-prefix\":\"abc-develop-service\"}},\"memory\":256,\"mountPoints\":[],\"name\":\"abc\",\"portMappings\":[{\"containerPort\":80,\"hostPort\":80,\"protocol\":\"tcp\"}],\"volumesFrom\":[]}]",
            "cpu": "128",
            "execution_role_arn": "arn:aws:iam::216952475463:role/xyz-abc-develop-ecsTaskExecutionRole",
            "family": "xyz-abc-develop",
            "id": "xyz-abc-develop",
            "inference_accelerator": [],
            "ipc_mode": "",
            "memory": "256",
            "network_mode": "awsvpc",
            "pid_mode": "",
            "placement_constraints": [],
            "proxy_configuration": [],
            "requires_compatibilities": [
              "EC2"
            ],
            "revision": 1,
            "tags": {},
            "task_role_arn": "",
            "volume": []
          },
          "private": "eyJzY2hlbWFfdmVyc2lvbiI6IjEifQ==",
          "depends_on": [
            "aws_iam_role.ecsTaskExecutionRole",
            "data.template_file.ecs_app"
          ]
        }
      ]
    },
    {
      "module": "module.ecs-service",
      "mode": "managed",
      "type": "aws_iam_role",
      "name": "ecsTaskExecutionRole",
      "provider": "provider.aws",
      "instances": [
        {
          "schema_version": 0,
          "attributes": {
            "arn": "arn:aws:iam::216952475463:role/xyz-abc-develop-ecsTaskExecutionRole",
            "assume_role_policy": "{\"Version\":\"2012-10-17\",\"Statement\":[{\"Sid\":\"\",\"Effect\":\"Allow\",\"Principal\":{\"Service\":\"ecs-tasks.amazonaws.com\"},\"Action\":\"sts:AssumeRole\"}]}",
            "create_date": "2020-12-26T07:02:46Z",
            "description": "",
            "force_detach_policies": false,
            "id": "xyz-abc-develop-ecsTaskExecutionRole",
            "max_session_duration": 3600,
            "name": "xyz-abc-develop-ecsTaskExecutionRole",
            "name_prefix": null,
            "path": "/",
            "permissions_boundary": null,
            "tags": {},
            "unique_id": "AROATFA3AB5DZI5EYZXHJ"
          },
          "private": "bnVsbA==",
          "depends_on": [
            "data.aws_iam_policy_document.assume_role_policy"
          ]
        }
      ]
    },
    {
      "module": "module.ecs-service",
      "mode": "managed",
      "type": "aws_iam_role_policy_attachment",
      "name": "ecsTaskExecutionRole_policy",
      "provider": "provider.aws",
      "instances": [
        {
          "schema_version": 0,
          "attributes": {
            "id": "xyz-abc-develop-ecsTaskExecutionRole-20201226070249351900000003",
            "policy_arn": "arn:aws:iam::aws:policy/service-role/AmazonECSTaskExecutionRolePolicy",
            "role": "xyz-abc-develop-ecsTaskExecutionRole"
          },
          "private": "bnVsbA==",
          "depends_on": [
            "aws_iam_role.ecsTaskExecutionRole"
          ]
        }
      ]
    },
    {
      "module": "module.ecs-service",
      "mode": "managed",
      "type": "aws_lb",
      "name": "alb",
      "provider": "provider.aws",
      "instances": [
        {
          "schema_version": 0,
          "attributes": {
            "access_logs": [
              {
                "bucket": "",
                "enabled": false,
                "prefix": ""
              }
            ],
            "arn": "arn:aws:elasticloadbalancing:us-east-1:216952475463:loadbalancer/app/xyz-abc-develop-alb/bd5c816a0bd80412",
            "arn_suffix": "app/xyz-abc-develop-alb/bd5c816a0bd80412",
            "customer_owned_ipv4_pool": "",
            "dns_name": "xyz-abc-develop-alb-98687084.us-east-1.elb.amazonaws.com",
            "drop_invalid_header_fields": false,
            "enable_cross_zone_load_balancing": null,
            "enable_deletion_protection": false,
            "enable_http2": true,
            "id": "arn:aws:elasticloadbalancing:us-east-1:216952475463:loadbalancer/app/xyz-abc-develop-alb/bd5c816a0bd80412",
            "idle_timeout": 60,
            "internal": false,
            "ip_address_type": "ipv4",
            "load_balancer_type": "application",
            "name": "xyz-abc-develop-alb",
            "name_prefix": null,
            "security_groups": [
              "sg-0d105c92aa0a0965b"
            ],
            "subnet_mapping": [
              {
                "allocation_id": "",
                "outpost_id": "",
                "private_ipv4_address": "",
                "subnet_id": "subnet-00be7319ee440c845"
              },
              {
                "allocation_id": "",
                "outpost_id": "",
                "private_ipv4_address": "",
                "subnet_id": "subnet-04dd8af4d571b90df"
              },
              {
                "allocation_id": "",
                "outpost_id": "",
                "private_ipv4_address": "",
                "subnet_id": "subnet-0a53cc0ac395c2345"
              },
              {
                "allocation_id": "",
                "outpost_id": "",
                "private_ipv4_address": "",
                "subnet_id": "subnet-0b000fe53b333488f"
              },
              {
                "allocation_id": "",
                "outpost_id": "",
                "private_ipv4_address": "",
                "subnet_id": "subnet-0b9017e70fd5f8d90"
              },
              {
                "allocation_id": "",
                "outpost_id": "",
                "private_ipv4_address": "",
                "subnet_id": "subnet-0eb86f001ea587835"
              }
            ],
            "subnets": [
              "subnet-00be7319ee440c845",
              "subnet-04dd8af4d571b90df",
              "subnet-0a53cc0ac395c2345",
              "subnet-0b000fe53b333488f",
              "subnet-0b9017e70fd5f8d90",
              "subnet-0eb86f001ea587835"
            ],
            "tags": {
              "ApplicationID": "APID001",
              "Component": "ALB",
              "CostCentre": "CC001",
              "Environment": "develop",
              "Name": "xyz-abc-develop-alb",
              "ServiceName": "xyz"
            },
            "timeouts": null,
            "vpc_id": "vpc-0162c70d4ac3770ae",
            "zone_id": "Z35SXDOTRQ7X7K"
          },
          "private": "eyJlMmJmYjczMC1lY2FhLTExZTYtOGY4OC0zNDM2M2JjN2M0YzAiOnsiY3JlYXRlIjo2MDAwMDAwMDAwMDAsImRlbGV0ZSI6NjAwMDAwMDAwMDAwLCJ1cGRhdGUiOjYwMDAwMDAwMDAwMH19",
          "depends_on": [
            "aws_security_group.alb_sg",
            "data.aws_subnet_ids.subnet_ids"
          ]
        }
      ]
    },
    {
      "module": "module.ecs-service",
      "mode": "managed",
      "type": "aws_lb_listener",
      "name": "listener",
      "provider": "provider.aws",
      "instances": [
        {
          "schema_version": 0,
          "attributes": {
            "arn": "arn:aws:elasticloadbalancing:us-east-1:216952475463:listener/app/xyz-abc-develop-alb/bd5c816a0bd80412/b292b946f50e73de",
            "certificate_arn": null,
            "default_action": [
              {
                "authenticate_cognito": [],
                "authenticate_oidc": [],
                "fixed_response": [],
                "forward": [],
                "order": 1,
                "redirect": [],
                "target_group_arn": "arn:aws:elasticloadbalancing:us-east-1:216952475463:targetgroup/xyz-abc-develop-target-group/a317d77de1cb1779",
                "type": "forward"
              }
            ],
            "id": "arn:aws:elasticloadbalancing:us-east-1:216952475463:listener/app/xyz-abc-develop-alb/bd5c816a0bd80412/b292b946f50e73de",
            "load_balancer_arn": "arn:aws:elasticloadbalancing:us-east-1:216952475463:loadbalancer/app/xyz-abc-develop-alb/bd5c816a0bd80412",
            "port": 80,
            "protocol": "HTTP",
            "ssl_policy": "",
            "timeouts": null
          },
          "private": "eyJlMmJmYjczMC1lY2FhLTExZTYtOGY4OC0zNDM2M2JjN2M0YzAiOnsicmVhZCI6NjAwMDAwMDAwMDAwfX0=",
          "depends_on": [
            "aws_lb.alb",
            "aws_lb_target_group.target_group"
          ]
        }
      ]
    },
    {
      "module": "module.ecs-service",
      "mode": "managed",
      "type": "aws_lb_target_group",
      "name": "target_group",
      "provider": "provider.aws",
      "instances": [
        {
          "schema_version": 0,
          "attributes": {
            "arn": "arn:aws:elasticloadbalancing:us-east-1:216952475463:targetgroup/xyz-abc-develop-target-group/a317d77de1cb1779",
            "arn_suffix": "targetgroup/xyz-abc-develop-target-group/a317d77de1cb1779",
            "deregistration_delay": 300,
            "health_check": [
              {
                "enabled": true,
                "healthy_threshold": 3,
                "interval": 40,
                "matcher": "200",
                "path": "/",
                "port": "traffic-port",
                "protocol": "HTTP",
                "timeout": 5,
                "unhealthy_threshold": 2
              }
            ],
            "id": "arn:aws:elasticloadbalancing:us-east-1:216952475463:targetgroup/xyz-abc-develop-target-group/a317d77de1cb1779",
            "lambda_multi_value_headers_enabled": false,
            "load_balancing_algorithm_type": "round_robin",
            "name": "xyz-abc-develop-target-group",
            "name_prefix": null,
            "port": 80,
            "protocol": "HTTP",
            "proxy_protocol_v2": false,
            "slow_start": 0,
            "stickiness": [
              {
                "cookie_duration": 86400,
                "enabled": false,
                "type": "lb_cookie"
              }
            ],
            "tags": {},
            "target_type": "ip",
            "vpc_id": "vpc-0162c70d4ac3770ae"
          },
          "private": "bnVsbA==",
          "depends_on": [
            "aws_lb.alb",
            "data.aws_vpc.vpc"
          ]
        }
      ]
    },
    {
      "module": "module.ecs-service",
      "mode": "managed",
      "type": "aws_route53_record",
      "name": "alb_record",
      "provider": "provider.aws",
      "instances": [
        {
          "schema_version": 2,
          "attributes": {
            "alias": [
              {
                "evaluate_target_health": false,
                "name": "xyz-abc-develop-alb-98687084.us-east-1.elb.amazonaws.com",
                "zone_id": "Z35SXDOTRQ7X7K"
              }
            ],
            "allow_overwrite": null,
            "failover_routing_policy": [],
            "fqdn": "develop.abc.cmcloudlab703.info",
            "geolocation_routing_policy": [],
            "health_check_id": "",
            "id": "Z0894839181W664CHNSDY_develop.abc_A",
            "latency_routing_policy": [],
            "multivalue_answer_routing_policy": null,
            "name": "develop.abc",
            "records": [],
            "set_identifier": "",
            "ttl": 0,
            "type": "A",
            "weighted_routing_policy": [],
            "zone_id": "Z0894839181W664CHNSDY"
          },
          "private": "eyJzY2hlbWFfdmVyc2lvbiI6IjIifQ==",
          "depends_on": [
            "aws_lb.alb",
            "data.aws_route53_zone.hosted_zone"
          ]
        }
      ]
    },
    {
      "module": "module.ecs-service",
      "mode": "managed",
      "type": "aws_security_group",
      "name": "alb_sg",
      "provider": "provider.aws",
      "instances": [
        {
          "schema_version": 1,
          "attributes": {
            "arn": "arn:aws:ec2:us-east-1:216952475463:security-group/sg-0d105c92aa0a0965b",
            "description": "Allow inbound traffic to alb",
            "egress": [
              {
                "cidr_blocks": [
                  "0.0.0.0/0"
                ],
                "description": "",
                "from_port": 0,
                "ipv6_cidr_blocks": [],
                "prefix_list_ids": [],
                "protocol": "-1",
                "security_groups": [],
                "self": false,
                "to_port": 0
              }
            ],
            "id": "sg-0d105c92aa0a0965b",
            "ingress": [
              {
                "cidr_blocks": [
                  "10.0.0.0/8",
                  "0.0.0.0/0"
                ],
                "description": "",
                "from_port": 80,
                "ipv6_cidr_blocks": [],
                "prefix_list_ids": [],
                "protocol": "tcp",
                "security_groups": [],
                "self": false,
                "to_port": 80
              },
              {
                "cidr_blocks": [
                  "10.0.0.0/8"
                ],
                "description": "",
                "from_port": 443,
                "ipv6_cidr_blocks": [],
                "prefix_list_ids": [],
                "protocol": "tcp",
                "security_groups": [],
                "self": false,
                "to_port": 443
              }
            ],
            "name": "xyz-abc-develop-alb-sg20201226070244835900000001",
            "name_prefix": "xyz-abc-develop-alb-sg",
            "owner_id": "216952475463",
            "revoke_rules_on_delete": true,
            "tags": {
              "ApplicationID": "APID001",
              "Component": "Security Group",
              "CostCentre": "CC001",
              "Environment": "develop",
              "Name": "xyz-abc-develop-alb-sg",
              "ServiceName": "xyz"
            },
            "timeouts": null,
            "vpc_id": "vpc-0162c70d4ac3770ae"
          },
          "private": "eyJlMmJmYjczMC1lY2FhLTExZTYtOGY4OC0zNDM2M2JjN2M0YzAiOnsiY3JlYXRlIjo2MDAwMDAwMDAwMDAsImRlbGV0ZSI6NjAwMDAwMDAwMDAwfSwic2NoZW1hX3ZlcnNpb24iOiIxIn0=",
          "depends_on": [
            "data.aws_vpc.vpc"
          ]
        }
      ]
    },
    {
      "module": "module.ecs-service",
      "mode": "managed",
      "type": "aws_security_group",
      "name": "ecs_service_sg",
      "provider": "provider.aws",
      "instances": [
        {
          "schema_version": 1,
          "attributes": {
            "arn": "arn:aws:ec2:us-east-1:216952475463:security-group/sg-00fb20d388f2e0696",
            "description": "Allow ephemeral port range inbound traffic from tg to ecs",
            "egress": [
              {
                "cidr_blocks": [
                  "0.0.0.0/0"
                ],
                "description": "",
                "from_port": 0,
                "ipv6_cidr_blocks": [],
                "prefix_list_ids": [],
                "protocol": "-1",
                "security_groups": [],
                "self": false,
                "to_port": 0
              }
            ],
            "id": "sg-00fb20d388f2e0696",
            "ingress": [
              {
                "cidr_blocks": [
                  "0.0.0.0/0"
                ],
                "description": "",
                "from_port": 0,
                "ipv6_cidr_blocks": [],
                "prefix_list_ids": [],
                "protocol": "tcp",
                "security_groups": [],
                "self": false,
                "to_port": 65535
              },
              {
                "cidr_blocks": [
                  "0.0.0.0/0"
                ],
                "description": "",
                "from_port": 1024,
                "ipv6_cidr_blocks": [],
                "prefix_list_ids": [],
                "protocol": "tcp",
                "security_groups": [],
                "self": false,
                "to_port": 65535
              }
            ],
            "name": "xyz-abc-develop-ecs-service-sg20201226070244836000000002",
            "name_prefix": "xyz-abc-develop-ecs-service-sg",
            "owner_id": "216952475463",
            "revoke_rules_on_delete": true,
            "tags": {
              "ApplicationID": "APID001",
              "Component": "Security Group",
              "CostCentre": "CC001",
              "Environment": "develop",
              "Name": "xyz-abc-develop-ecs-service-sg",
              "ServiceName": "xyz"
            },
            "timeouts": null,
            "vpc_id": "vpc-0162c70d4ac3770ae"
          },
          "private": "eyJlMmJmYjczMC1lY2FhLTExZTYtOGY4OC0zNDM2M2JjN2M0YzAiOnsiY3JlYXRlIjo2MDAwMDAwMDAwMDAsImRlbGV0ZSI6NjAwMDAwMDAwMDAwfSwic2NoZW1hX3ZlcnNpb24iOiIxIn0=",
          "depends_on": [
            "data.aws_vpc.vpc"
          ]
        }
      ]
    },
    {
      "module": "module.ecs-service",
      "mode": "managed",
      "type": "aws_security_group_rule",
      "name": "alb_egress",
      "provider": "provider.aws",
      "instances": [
        {
          "schema_version": 2,
          "attributes": {
            "cidr_blocks": [
              "0.0.0.0/0"
            ],
            "description": "",
            "from_port": 0,
            "id": "sgrule-4137916775",
            "ipv6_cidr_blocks": [],
            "prefix_list_ids": [],
            "protocol": "-1",
            "security_group_id": "sg-0d105c92aa0a0965b",
            "self": false,
            "source_security_group_id": null,
            "to_port": 0,
            "type": "egress"
          },
          "private": "eyJzY2hlbWFfdmVyc2lvbiI6IjIifQ==",
          "depends_on": [
            "aws_security_group.alb_sg"
          ]
        }
      ]
    },
    {
      "module": "module.ecs-service",
      "mode": "managed",
      "type": "aws_security_group_rule",
      "name": "ecs_egress",
      "provider": "provider.aws",
      "instances": [
        {
          "schema_version": 2,
          "attributes": {
            "cidr_blocks": [
              "0.0.0.0/0"
            ],
            "description": "",
            "from_port": 0,
            "id": "sgrule-424505876",
            "ipv6_cidr_blocks": [],
            "prefix_list_ids": [],
            "protocol": "-1",
            "security_group_id": "sg-00fb20d388f2e0696",
            "self": false,
            "source_security_group_id": null,
            "to_port": 0,
            "type": "egress"
          },
          "private": "eyJzY2hlbWFfdmVyc2lvbiI6IjIifQ==",
          "depends_on": [
            "aws_security_group.ecs_service_sg"
          ]
        }
      ]
    },
    {
      "module": "module.ecs-service",
      "mode": "managed",
      "type": "aws_security_group_rule",
      "name": "ecs_ingress",
      "provider": "provider.aws",
      "instances": [
        {
          "schema_version": 2,
          "attributes": {
            "cidr_blocks": [
              "0.0.0.0/0"
            ],
            "description": "",
            "from_port": 1024,
            "id": "sgrule-919866119",
            "ipv6_cidr_blocks": [],
            "prefix_list_ids": [],
            "protocol": "tcp",
            "security_group_id": "sg-00fb20d388f2e0696",
            "self": false,
            "source_security_group_id": null,
            "to_port": 65535,
            "type": "ingress"
          },
          "private": "eyJzY2hlbWFfdmVyc2lvbiI6IjIifQ==",
          "depends_on": [
            "aws_security_group.ecs_service_sg"
          ]
        }
      ]
    },
    {
      "module": "module.ecs-service",
      "mode": "managed",
      "type": "aws_security_group_rule",
      "name": "http_ingress",
      "provider": "provider.aws",
      "instances": [
        {
          "schema_version": 2,
          "attributes": {
            "cidr_blocks": [
              "10.0.0.0/8",
              "0.0.0.0/0"
            ],
            "description": "",
            "from_port": 80,
            "id": "sgrule-2693405232",
            "ipv6_cidr_blocks": [],
            "prefix_list_ids": [],
            "protocol": "tcp",
            "security_group_id": "sg-0d105c92aa0a0965b",
            "self": false,
            "source_security_group_id": null,
            "to_port": 80,
            "type": "ingress"
          },
          "private": "eyJzY2hlbWFfdmVyc2lvbiI6IjIifQ==",
          "depends_on": [
            "aws_security_group.alb_sg"
          ]
        }
      ]
    },
    {
      "module": "module.ecs-service",
      "mode": "managed",
      "type": "aws_security_group_rule",
      "name": "https_ingress",
      "provider": "provider.aws",
      "instances": [
        {
          "schema_version": 2,
          "attributes": {
            "cidr_blocks": [
              "10.0.0.0/8"
            ],
            "description": "",
            "from_port": 443,
            "id": "sgrule-3597709117",
            "ipv6_cidr_blocks": [],
            "prefix_list_ids": [],
            "protocol": "tcp",
            "security_group_id": "sg-0d105c92aa0a0965b",
            "self": false,
            "source_security_group_id": null,
            "to_port": 443,
            "type": "ingress"
          },
          "private": "eyJzY2hlbWFfdmVyc2lvbiI6IjIifQ==",
          "depends_on": [
            "aws_security_group.alb_sg"
          ]
        }
      ]
    }
  ]
}
